
Microsoft Visual Studio Solution File, Format Version 12.00
# Visual Studio Version 17
VisualStudioVersion = 17.0.31903.59
MinimumVisualStudioVersion = 10.0.40219.1
Project("{FAE04EC0-301F-11D3-BF4B-00C04F79EFBC}") = "DeepInsight.Core", "DeepInsight.Core\DeepInsight.Core.csproj", "{301BEBBF-B32C-4E15-B109-436769FFA1BD}"
EndProject
Project("{FAE04EC0-301F-11D3-BF4B-00C04F79EFBC}") = "DeepInsight.Infrastructure", "DeepInsight.Infrastructure\DeepInsight.Infrastructure.csproj", "{93A16A12-504C-432D-B501-77797A157B12}"
EndProject
Project("{FAE04EC0-301F-11D3-BF4B-00C04F79EFBC}") = "DeepInsight.Processing", "DeepInsight.Processing\DeepInsight.Processing.csproj", "{3BBFB4A5-B21C-4635-8000-C11F041FE9F5}"
EndProject
Project("{FAE04EC0-301F-11D3-BF4B-00C04F79EFBC}") = "DeepInsight.Api", "DeepInsight.Api\DeepInsight.Api.csproj", "{062D9E38-B3BB-4B20-8810-22F10738F581}"
EndProject
Global
	GlobalSection(SolutionConfigurationPlatforms) = preSolution
		Debug|Any CPU = Debug|Any CPU
		Debug|x64 = Debug|x64
		Debug|x86 = Debug|x86
		Release|Any CPU = Release|Any CPU
		Release|x64 = Release|x64
		Release|x86 = Release|x86
	EndGlobalSection
	GlobalSection(ProjectConfigurationPlatforms) = postSolution
		{301BEBBF-B32C-4E15-B109-436769FFA1BD}.Debug|Any CPU.ActiveCfg = Debug|Any CPU
		{301BEBBF-B32C-4E15-B109-436769FFA1BD}.Debug|Any CPU.Build.0 = Debug|Any CPU
		{301BEBBF-B32C-4E15-B109-436769FFA1BD}.Debug|x64.ActiveCfg = Debug|Any CPU
		{301BEBBF-B32C-4E15-B109-436769FFA1BD}.Debug|x64.Build.0 = Debug|Any CPU
		{301BEBBF-B32C-4E15-B109-436769FFA1BD}.Debug|x86.ActiveCfg = Debug|Any CPU
		{301BEBBF-B32C-4E15-B109-436769FFA1BD}.Debug|x86.Build.0 = Debug|Any CPU
		{301BEBBF-B32C-4E15-B109-436769FFA1BD}.Release|Any CPU.ActiveCfg = Release|Any CPU
		{301BEBBF-B32C-4E15-B109-436769FFA1BD}.Release|Any CPU.Build.0 = Release|Any CPU
		{301BEBBF-B32C-4E15-B109-436769FFA1BD}.Release|x64.ActiveCfg = Release|Any CPU
		{301BEBBF-B32C-4E15-B109-436769FFA1BD}.Release|x64.Build.0 = Release|Any CPU
		{301BEBBF-B32C-4E15-B109-436769FFA1BD}.Release|x86.ActiveCfg = Release|Any CPU
		{301BEBBF-B32C-4E15-B109-436769FFA1BD}.Release|x86.Build.0 = Release|Any CPU
		{93A16A12-504C-432D-B501-77797A157B12}.Debug|Any CPU.ActiveCfg = Debug|Any CPU
		{93A16A12-504C-432D-B501-77797A157B12}.Debug|Any CPU.Build.0 = Debug|Any CPU
		{93A16A12-504C-432D-B501-77797A157B12}.Debug|x64.ActiveCfg = Debug|Any CPU
		{93A16A12-504C-432D-B501-77797A157B12}.Debug|x64.Build.0 = Debug|Any CPU
		{93A16A12-504C-432D-B501-77797A157B12}.Debug|x86.ActiveCfg = Debug|Any CPU
		{93A16A12-504C-432D-B501-77797A157B12}.Debug|x86.Build.0 = Debug|Any CPU
		{93A16A12-504C-432D-B501-77797A157B12}.Release|Any CPU.ActiveCfg = Release|Any CPU
		{93A16A12-504C-432D-B501-77797A157B12}.Release|Any CPU.Build.0 = Release|Any CPU
		{93A16A12-504C-432D-B501-77797A157B12}.Release|x64.ActiveCfg = Release|Any CPU
		{93A16A12-504C-432D-B501-77797A157B12}.Release|x64.Build.0 = Release|Any CPU
		{93A16A12-504C-432D-B501-77797A157B12}.Release|x86.ActiveCfg = Release|Any CPU
		{93A16A12-504C-432D-B501-77797A157B12}.Release|x86.Build.0 = Release|Any CPU
		{3BBFB4A5-B21C-4635-8000-C11F041FE9F5}.Debug|Any CPU.ActiveCfg = Debug|Any CPU
		{3BBFB4A5-B21C-4635-8000-C11F041FE9F5}.Debug|Any CPU.Build.0 = Debug|Any CPU
		{3BBFB4A5-B21C-4635-8000-C11F041FE9F5}.Debug|x64.ActiveCfg = Debug|Any CPU
		{3BBFB4A5-B21C-4635-8000-C11F041FE9F5}.Debug|x64.Build.0 = Debug|Any CPU
		{3BBFB4A5-B21C-4635-8000-C11F041FE9F5}.Debug|x86.ActiveCfg = Debug|Any CPU
		{3BBFB4A5-B21C-4635-8000-C11F041FE9F5}.Debug|x86.Build.0 = Debug|Any CPU
		{3BBFB4A5-B21C-4635-8000-C11F041FE9F5}.Release|Any CPU.ActiveCfg = Release|Any CPU
		{3BBFB4A5-B21C-4635-8000-C11F041FE9F5}.Release|Any CPU.Build.0 = Release|Any CPU
		{3BBFB4A5-B21C-4635-8000-C11F041FE9F5}.Release|x64.ActiveCfg = Release|Any CPU
		{3BBFB4A5-B21C-4635-8000-C11F041FE9F5}.Release|x64.Build.0 = Release|Any CPU
		{3BBFB4A5-B21C-4635-8000-C11F041FE9F5}.Release|x86.ActiveCfg = Release|Any CPU
		{3BBFB4A5-B21C-4635-8000-C11F041FE9F5}.Release|x86.Build.0 = Release|Any CPU
		{062D9E38-B3BB-4B20-8810-22F10738F581}.Debug|Any CPU.ActiveCfg = Debug|Any CPU
		{062D9E38-B3BB-4B20-8810-22F10738F581}.Debug|Any CPU.Build.0 = Debug|Any CPU
		{062D9E38-B3BB-4B20-8810-22F10738F581}.Debug|x64.ActiveCfg = Debug|Any CPU
		{062D9E38-B3BB-4B20-8810-22F10738F581}.Debug|x64.Build.0 = Debug|Any CPU
		{062D9E38-B3BB-4B20-8810-22F10738F581}.Debug|x86.ActiveCfg = Debug|Any CPU
		{062D9E38-B3BB-4B20-8810-22F10738F581}.Debug|x86.Build.0 = Debug|Any CPU
		{062D9E38-B3BB-4B20-8810-22F10738F581}.Release|Any CPU.ActiveCfg = Release|Any CPU
		{062D9E38-B3BB-4B20-8810-22F10738F581}.Release|Any CPU.Build.0 = Release|Any CPU
		{062D9E38-B3BB-4B20-8810-22F10738F581}.Release|x64.ActiveCfg = Release|Any CPU
		{062D9E38-B3BB-4B20-8810-22F10738F581}.Release|x64.Build.0 = Release|Any CPU
		{062D9E38-B3BB-4B20-8810-22F10738F581}.Release|x86.ActiveCfg = Release|Any CPU
		{062D9E38-B3BB-4B20-8810-22F10738F581}.Release|x86.Build.0 = Release|Any CPU
	EndGlobalSection
	GlobalSection(SolutionProperties) = preSolution
		HideSolutionNode = FALSE
	EndGlobalSection
EndGlobal
